
Microsoft Visual Studio Solution File, Format Version 12.00
# Visual Studio 2013
VisualStudioVersion = 12.0.30501.0
MinimumVisualStudioVersion = 10.0.40219.1
Project("{8BC9CEB8-8B4A-11D0-8D11-00A0C91BC942}") = "ConsoleApplication22", "ConsoleApplication22\ConsoleApplication22.vcxproj", "{1C3CD67D-DB95-42FE-A7D5-3565B7830AFE}"
EndProject
Global
	GlobalSection(SolutionConfigurationPlatforms) = preSolution
		Debug|Win32 = Debug|Win32
		Release|Win32 = Release|Win32
	EndGlobalSection
	GlobalSection(ProjectConfigurationPlatforms) = postSolution
		{1C3CD67D-DB95-42FE-A7D5-3565B7830AFE}.Debug|Win32.ActiveCfg = Debug|Win32
		{1C3CD67D-DB95-42FE-A7D5-3565B7830AFE}.Debug|Win32.Build.0 = Debug|Win32
		{1C3CD67D-DB95-42FE-A7D5-3565B7830AFE}.Release|Win32.ActiveCfg = Release|Win32
		{1C3CD67D-DB95-42FE-A7D5-3565B7830AFE}.Release|Win32.Build.0 = Release|Win32
	EndGlobalSection
	GlobalSection(SolutionProperties) = preSolution
		HideSolutionNode = FALSE
	EndGlobalSection
EndGlobal
